
Microsoft Visual Studio Solution File, Format Version 12.00
# Visual Studio Version 16
VisualStudioVersion = 16.0.31729.503
MinimumVisualStudioVersion = 10.0.40219.1
Project("{FAE04EC0-301F-11D3-BF4B-00C04F79EFBC}") = "MessageBox_Ass1", "MessageBox_Ass1\MessageBox_Ass1.csproj", "{FCF0F7AD-26C2-4BDE-A505-6D0C3006CAFD}"
EndProject
Global
	GlobalSection(SolutionConfigurationPlatforms) = preSolution
		Debug|Any CPU = Debug|Any CPU
		Release|Any CPU = Release|Any CPU
	EndGlobalSection
	GlobalSection(ProjectConfigurationPlatforms) = postSolution
		{FCF0F7AD-26C2-4BDE-A505-6D0C3006CAFD}.Debug|Any CPU.ActiveCfg = Debug|Any CPU
		{FCF0F7AD-26C2-4BDE-A505-6D0C3006CAFD}.Debug|Any CPU.Build.0 = Debug|Any CPU
		{FCF0F7AD-26C2-4BDE-A505-6D0C3006CAFD}.Release|Any CPU.ActiveCfg = Release|Any CPU
		{FCF0F7AD-26C2-4BDE-A505-6D0C3006CAFD}.Release|Any CPU.Build.0 = Release|Any CPU
	EndGlobalSection
	GlobalSection(SolutionProperties) = preSolution
		HideSolutionNode = FALSE
	EndGlobalSection
	GlobalSection(ExtensibilityGlobals) = postSolution
		SolutionGuid = {A2C74179-3AE1-4322-A328-4C1B310D8A7B}
	EndGlobalSection
EndGlobal
